
Microsoft Visual Studio Solution File, Format Version 12.00
# Visual Studio Version 17
VisualStudioVersion = 17.10.35122.118
MinimumVisualStudioVersion = 10.0.40219.1
Project("{FAE04EC0-301F-11D3-BF4B-00C04F79EFBC}") = "Telegram-back", "Telegram-back\Telegram-back.csproj", "{404C74BE-3666-4B14-9DE2-DCD26B00C4A2}"
EndProject
Global
	GlobalSection(SolutionConfigurationPlatforms) = preSolution
		Debug|Any CPU = Debug|Any CPU
		Release|Any CPU = Release|Any CPU
	EndGlobalSection
	GlobalSection(ProjectConfigurationPlatforms) = postSolution
		{404C74BE-3666-4B14-9DE2-DCD26B00C4A2}.Debug|Any CPU.ActiveCfg = Debug|Any CPU
		{404C74BE-3666-4B14-9DE2-DCD26B00C4A2}.Debug|Any CPU.Build.0 = Debug|Any CPU
		{404C74BE-3666-4B14-9DE2-DCD26B00C4A2}.Release|Any CPU.ActiveCfg = Release|Any CPU
		{404C74BE-3666-4B14-9DE2-DCD26B00C4A2}.Release|Any CPU.Build.0 = Release|Any CPU
	EndGlobalSection
	GlobalSection(SolutionProperties) = preSolution
		HideSolutionNode = FALSE
	EndGlobalSection
	GlobalSection(ExtensibilityGlobals) = postSolution
		SolutionGuid = {FD57D259-1DCF-4C1F-BF0C-FEF54C432574}
	EndGlobalSection
EndGlobal
